# This file is autogenerated, do not edit; changes may be undone by the next 'dep ensure'.


[[projects]]
  branch = "master"
  name = "github.com/RobinUS2/golang-moving-average"
  packages = ["."]
  revision = "a016505bdd52cdc7f048bd0007af882f6b397faf"

[[projects]]
  branch = "master"
  name = "github.com/agl/ed25519"
  packages = [".","edwards25519"]
  revision = "5312a61534124124185d41f09206b9fef1d88403"

[[projects]]
  branch = "nwhyte/update-mdns"
  name = "github.com/brutella/hc"
  packages = [".","accessory","characteristic","crypto","crypto/chacha20poly1305","crypto/curve25519","crypto/hkdf","db","event","hap","hap/controller","hap/data","hap/endpoint","hap/http","hap/pair","log","service","util"]
  revision = "298b9f1a838d4fb1338a40c71e2461768529998b"
  source = "github.com/nickw444/hc"

[[projects]]
  branch = "master"
  name = "github.com/brutella/log"
  packages = ["."]
  revision = "81cf953084aeee72ddfb41dc16c1d99df4b50d88"

[[projects]]
  name = "github.com/cenkalti/backoff"
  packages = ["."]
  revision = "61153c768f31ee5f130071d08fc82b85208528de"
  version = "v1.1.0"

[[projects]]
  name = "github.com/gorilla/context"
  packages = ["."]
  revision = "1ea25387ff6f684839d82767c1733ff4d4d15d0a"
  version = "v1.1"

[[projects]]
  name = "github.com/gorilla/mux"
  packages = ["."]
  revision = "bcd8bc72b08df0f70df986b97f95590779502d31"
  version = "v1.4.0"

[[projects]]
  branch = "master"
  name = "github.com/gosexy/to"
  packages = ["."]
  revision = "c20e083e31230b84ffa23c5d2fb0bc55f5292681"

[[projects]]
  branch = "master"
  name = "github.com/grandcat/zeroconf"
  packages = ["."]
  revision = "2f133dcabb8c1dc0e63ec6bb9e2c405179db3033"

[[projects]]
  branch = "master"
  name = "github.com/miekg/dns"
  packages = ["."]
  revision = "e4205768578dc90c2669e75a2f8a8bf77e3083a4"

[[projects]]
  branch = "master"
  name = "github.com/tadglines/go-pkgs"
  packages = ["crypto/srp"]
  revision = "1f86682992f1a784aa7592b2be0ae80f194b2479"

[[projects]]
  branch = "master"
  name = "golang.org/x/crypto"
  packages = ["chacha20poly1305","chacha20poly1305/internal/chacha20","curve25519","hkdf","poly1305"]
  revision = "81e90905daefcd6fd217b62423c0908922eadb30"

[[projects]]
  branch = "master"
  name = "golang.org/x/net"
  packages = ["bpf","context","internal/iana","internal/socket","ipv4","ipv6"]
  revision = "66aacef3dd8a676686c7ae3716979581e8b03c47"

[[projects]]
  name = "gopkg.in/tylerb/graceful.v1"
  packages = ["."]
  revision = "4654dfbb6ad53cb5e27f37d99b02e16c1872fbbb"
  version = "v1.2.15"

[solve-meta]
  analyzer-name = "dep"
  analyzer-version = 1
  inputs-digest = "67fdf2ea0bed7230ae875a256d120227416564af9e01e77dd3082a887ba995cf"
  solver-name = "gps-cdcl"
  solver-version = 1
